
Microsoft Visual Studio Solution File, Format Version 12.00
# Visual Studio 14
VisualStudioVersion = 14.0.24720.0
MinimumVisualStudioVersion = 10.0.40219.1
Project("{FAE04EC0-301F-11D3-BF4B-00C04F79EFBC}") = "DatabaseSkeleton", "DatabaseSkeleton\DatabaseSkeleton.csproj", "{6844D37C-33A1-4A11-8BE8-6161AFE5ADD7}"
EndProject
Project("{FAE04EC0-301F-11D3-BF4B-00C04F79EFBC}") = "Persistence", "Persistence\Persistence.csproj", "{968D2696-A68B-4572-8596-D7E75CC51395}"
EndProject
Global
	GlobalSection(SolutionConfigurationPlatforms) = preSolution
		Debug|Any CPU = Debug|Any CPU
		Release|Any CPU = Release|Any CPU
	EndGlobalSection
	GlobalSection(ProjectConfigurationPlatforms) = postSolution
		{6844D37C-33A1-4A11-8BE8-6161AFE5ADD7}.Debug|Any CPU.ActiveCfg = Debug|Any CPU
		{6844D37C-33A1-4A11-8BE8-6161AFE5ADD7}.Debug|Any CPU.Build.0 = Debug|Any CPU
		{6844D37C-33A1-4A11-8BE8-6161AFE5ADD7}.Release|Any CPU.ActiveCfg = Release|Any CPU
		{6844D37C-33A1-4A11-8BE8-6161AFE5ADD7}.Release|Any CPU.Build.0 = Release|Any CPU
		{968D2696-A68B-4572-8596-D7E75CC51395}.Debug|Any CPU.ActiveCfg = Debug|Any CPU
		{968D2696-A68B-4572-8596-D7E75CC51395}.Debug|Any CPU.Build.0 = Debug|Any CPU
		{968D2696-A68B-4572-8596-D7E75CC51395}.Release|Any CPU.ActiveCfg = Release|Any CPU
		{968D2696-A68B-4572-8596-D7E75CC51395}.Release|Any CPU.Build.0 = Release|Any CPU
	EndGlobalSection
	GlobalSection(SolutionProperties) = preSolution
		HideSolutionNode = FALSE
	EndGlobalSection
EndGlobal
